<?xml version="1.0" encoding="utf-8"?>
<Project ToolsVersion="4.0" xmlns="http://schemas.microsoft.com/developer/msbuild/2003">
  <ItemGroup>
    <ClInclude Include="..\Pubc\Version.h">
      <Filter>Core</Filter>
    </ClInclude>
    <ClInclude Include="..\Pubc\Register.h">
      <Filter>Core</Filter>
    </ClInclude>
  </ItemGroup>
  <ItemGroup>
    <Filter Include="Core">
      <UniqueIdentifier>{ee8256a8-4eda-42a0-825e-5d369a9bedf4}</UniqueIdentifier>
    </Filter>
  </ItemGroup>
  <ItemGroup>
    <ClCompile Include="..\Pubc\Version.cpp">
      <Filter>Core</Filter>
    </ClCompile>
  </ItemGroup>
</Project>